{
  "name": "wisp-v0.4-evaluator",
  "version": "0.1.0",
  "lockfileVersion": 3,
  "requires": true,
  "packages": {
    "": {
      "name": "wisp-v0.4-evaluator",
      "version": "0.1.0",
      "license": "MIT",
      "dependencies": {
        "agent-browser": "0.35.0",
        "droid": "0.205.0"
      }
    },
    "node_modules/@factory/cli-darwin-arm64": {
      "version": "0.205.0",
      "resolved": "https://registry.npmjs.org/@factory/cli-darwin-arm64/-/cli-darwin-arm64-0.205.0.tgz",
      "integrity": "sha512-oEHm2UnEBC1Vt+9swcWYjaZgzdhaUPLO8ofXu1c/aQjlObwBR7WuFsJNqWNf97wtMGm2T3p4sr1hspz8auKF1g==",
      "cpu": [
        "arm64"
      ],
      "license": "UNLICENSED",
      "optional": true,
      "os": [
        "darwin"
      ]
    },
    "node_modules/@factory/cli-darwin-x64": {
      "version": "0.205.0",
      "resolved": "https://registry.npmjs.org/@factory/cli-darwin-x64/-/cli-darwin-x64-0.205.0.tgz",
      "integrity": "sha512-1R5a3y56flSZ89zwvOkvEGzwYNKaAss9dv4m6r/zx5EaGRtQ5ox2F7nLZmR91cL/QkZqReS8u9hX1UQ7fbpHRw==",
      "cpu": [
        "x64"
      ],
      "license": "UNLICENSED",
      "optional": true,
      "os": [
        "darwin"
      ]
    },
    "node_modules/@factory/cli-darwin-x64-baseline": {
      "version": "0.205.0",
      "resolved": "https://registry.npmjs.org/@factory/cli-darwin-x64-baseline/-/cli-darwin-x64-baseline-0.205.0.tgz",
      "integrity": "sha512-F1FF818sm44kRFWTbvyTKkROrJtjmROhjlddibHXMdWHLbwW7kWN5xx2ktz8s+FRLbzEBP8POdpkP8CStMhoDA==",
      "cpu": [
        "x64"
      ],
      "license": "UNLICENSED",
      "optional": true,
      "os": [
        "darwin"
      ]
    },
    "node_modules/@factory/cli-linux-arm64": {
      "version": "0.205.0",
      "resolved": "https://registry.npmjs.org/@factory/cli-linux-arm64/-/cli-linux-arm64-0.205.0.tgz",
      "integrity": "sha512-RdiNy+oZVSk0pj7zNih8MAwRX3w76wgumuj0DOnvcBcOTwtCFbAOpOGqN/dR4Po/ZVwAPWCLlz3MDFsWJfunqg==",
      "cpu": [
        "arm64"
      ],
      "license": "UNLICENSED",
      "optional": true,
      "os": [
        "linux"
      ]
    },
    "node_modules/@factory/cli-linux-x64": {
      "version": "0.205.0",
      "resolved": "https://registry.npmjs.org/@factory/cli-linux-x64/-/cli-linux-x64-0.205.0.tgz",
      "integrity": "sha512-4U1ySGGAZOdNIUvxEygO+1dk6bCjRoH2Ltm8JALnc4JkHfYcJIsA5qC1SL9MM4YTeh6nS40QUpHi8wRtEWxXPg==",
      "cpu": [
        "x64"
      ],
      "license": "UNLICENSED",
      "optional": true,
      "os": [
        "linux"
      ]
    },
    "node_modules/@factory/cli-linux-x64-baseline": {
      "version": "0.205.0",
      "resolved": "https://registry.npmjs.org/@factory/cli-linux-x64-baseline/-/cli-linux-x64-baseline-0.205.0.tgz",
      "integrity": "sha512-Hni+xYDNeGUtuPtkHVj7j18T5msny3imJ/ws9fJD1VQ7Ex1P0P7TqPUdBBJVQIqB6j3ELxRaiCllfnykMevE+A==",
      "cpu": [
        "x64"
      ],
      "license": "UNLICENSED",
      "optional": true,
      "os": [
        "linux"
      ]
    },
    "node_modules/@factory/cli-win32-arm64": {
      "version": "0.205.0",
      "resolved": "https://registry.npmjs.org/@factory/cli-win32-arm64/-/cli-win32-arm64-0.205.0.tgz",
      "integrity": "sha512-ZxaGOYIp6/4JQnSnu/2v8KeoHkWTbHcBnGMayqsqc6aY+N6J4OV0OuxIESGKY5lCtpIl0VzBLEZ5FyL3cPVkwQ==",
      "cpu": [
        "arm64"
      ],
      "license": "UNLICENSED",
      "optional": true,
      "os": [
        "win32"
      ]
    },
    "node_modules/@factory/cli-win32-x64": {
      "version": "0.205.0",
      "resolved": "https://registry.npmjs.org/@factory/cli-win32-x64/-/cli-win32-x64-0.205.0.tgz",
      "integrity": "sha512-h/GwNnvzFotbdTHPRQqosjE4huRGmL+lD4uSdE73qOYZ1T+AFh+r8sc65cJLA8RlqXSI/xgu24Ygvf6y8R3Mmw==",
      "cpu": [
        "x64"
      ],
      "license": "UNLICENSED",
      "optional": true,
      "os": [
        "win32"
      ]
    },
    "node_modules/@factory/cli-win32-x64-baseline": {
      "version": "0.205.0",
      "resolved": "https://registry.npmjs.org/@factory/cli-win32-x64-baseline/-/cli-win32-x64-baseline-0.205.0.tgz",
      "integrity": "sha512-mpXgPwcJ/MOAMECAwNTHUYpt9CCDax67KLofUDnL4K6ZIbmkCXAarh1s34cypst24Gu0inUvm+GN4p3bTqRwlw==",
      "cpu": [
        "x64"
      ],
      "license": "UNLICENSED",
      "optional": true,
      "os": [
        "win32"
      ]
    },
    "node_modules/agent-browser": {
      "version": "0.35.0",
      "resolved": "https://registry.npmjs.org/agent-browser/-/agent-browser-0.35.0.tgz",
      "integrity": "sha512-F09TmwbZPNR4PldK3hROrX6b6Q4KfvjDi1OTWlLSCQbbm2ujQcmuOzn/NXk/ilzM4INR+eeaEYpm6y3f/28j+w==",
      "hasInstallScript": true,
      "license": "Apache-2.0",
      "bin": {
        "agent-browser": "bin/agent-browser.js"
      },
      "engines": {
        "node": ">=24.0.0",
        "pnpm": ">=11.0.0"
      }
    },
    "node_modules/droid": {
      "version": "0.205.0",
      "resolved": "https://registry.npmjs.org/droid/-/droid-0.205.0.tgz",
      "integrity": "sha512-q7JV17furViEMijaQLzFzrN+H1jLxEoxFKjw6otK3zWuzEOUQxLe9zsBrWzEB6m5Kqa9sDuCiYfRFoHEfPGreg==",
      "hasInstallScript": true,
      "license": "UNLICENSED",
      "bin": {
        "droid": "bin/droid"
      },
      "engines": {
        "node": ">=20.0.0"
      },
      "optionalDependencies": {
        "@factory/cli-darwin-arm64": "0.205.0",
        "@factory/cli-darwin-x64": "0.205.0",
        "@factory/cli-darwin-x64-baseline": "0.205.0",
        "@factory/cli-linux-arm64": "0.205.0",
        "@factory/cli-linux-x64": "0.205.0",
        "@factory/cli-linux-x64-baseline": "0.205.0",
        "@factory/cli-win32-arm64": "0.205.0",
        "@factory/cli-win32-x64": "0.205.0",
        "@factory/cli-win32-x64-baseline": "0.205.0"
      }
    }
  }
}
